
Microsoft Visual Studio Solution File, Format Version 12.00
# Visual Studio Version 17
VisualStudioVersion = 17.11.35312.102
MinimumVisualStudioVersion = 10.0.40219.1
Project("{FAE04EC0-301F-11D3-BF4B-00C04F79EFBC}") = "Diploma_NPT", "Diploma_NPT\Diploma_NPT.csproj", "{A5F98B71-5E22-4C17-930F-26236A102C44}"
EndProject
Global
	GlobalSection(SolutionConfigurationPlatforms) = preSolution
		Debug|Any CPU = Debug|Any CPU
		Release|Any CPU = Release|Any CPU
	EndGlobalSection
	GlobalSection(ProjectConfigurationPlatforms) = postSolution
		{A5F98B71-5E22-4C17-930F-26236A102C44}.Debug|Any CPU.ActiveCfg = Debug|Any CPU
		{A5F98B71-5E22-4C17-930F-26236A102C44}.Debug|Any CPU.Build.0 = Debug|Any CPU
		{A5F98B71-5E22-4C17-930F-26236A102C44}.Release|Any CPU.ActiveCfg = Release|Any CPU
		{A5F98B71-5E22-4C17-930F-26236A102C44}.Release|Any CPU.Build.0 = Release|Any CPU
	EndGlobalSection
	GlobalSection(SolutionProperties) = preSolution
		HideSolutionNode = FALSE
	EndGlobalSection
	GlobalSection(ExtensibilityGlobals) = postSolution
		SolutionGuid = {49990BF9-86DC-4F3E-85CC-C20AFFAF6479}
	EndGlobalSection
EndGlobal
